// !$*UTF8*$!
{
	archiveVersion = 1;
	classes = {
	};
	objectVersion = 46;
	objects = {

/* Begin PBXBuildFile section */
		B5D2AF1E179F3A5F000D875E /* UIKit.framework in Frameworks */ = {isa = PBXBuildFile; fileRef = B5D2AF1D179F3A5F000D875E /* UIKit.framework */; };
		B5D2AF20179F3A5F000D875E /* Foundation.framework in Frameworks */ = {isa = PBXBuildFile; fileRef = B5D2AF1F179F3A5F000D875E /* Foundation.framework */; };
		B5D2AF22179F3A5F000D875E /* CoreGraphics.framework in Frameworks */ = {isa = PBXBuildFile; fileRef = B5D2AF21179F3A5F000D875E /* CoreGraphics.framework */; };
		B5D2AF28179F3A5F000D875E /* InfoPlist.strings in Resources */ = {isa = PBXBuildFile; fileRef = B5D2AF26179F3A5F000D875E /* InfoPlist.strings */; };
		B5D2AF2A179F3A5F000D875E /* main.m in Sources */ = {isa = PBXBuildFile; fileRef = B5D2AF29179F3A5F000D875E /* main.m */; };
		B5D2AF2E179F3A5F000D875E /* MYAppDelegate.m in Sources */ = {isa = PBXBuildFile; fileRef = B5D2AF2D179F3A5F000D875E /* MYAppDelegate.m */; };
		B5D2AF30179F3A5F000D875E /* Default.png in Resources */ = {isa = PBXBuildFile; fileRef = B5D2AF2F179F3A5F000D875E /* Default.png */; };
		B5D2AF32179F3A5F000D875E /* Default@2x.png in Resources */ = {isa = PBXBuildFile; fileRef = B5D2AF31179F3A5F000D875E /* Default@2x.png */; };
		B5D2AF34179F3A5F000D875E /* Default-568h@2x.png in Resources */ = {isa = PBXBuildFile; fileRef = B5D2AF33179F3A5F000D875E /* Default-568h@2x.png */; };
		B5D2AF37179F3A5F000D875E /* MYViewController.m in Sources */ = {isa = PBXBuildFile; fileRef = B5D2AF36179F3A5F000D875E /* MYViewController.m */; };
		B5D2AF3A179F3A5F000D875E /* MYViewController.xib in Resources */ = {isa = PBXBuildFile; fileRef = B5D2AF38179F3A5F000D875E /* MYViewController.xib */; };
/* End PBXBuildFile section */

/* Begin PBXFileReference section */
		B5D2AF1A179F3A5F000D875E /* Travis App.app */ = {isa = PBXFileReference; explicitFileType = wrapper.application; includeInIndex = 0; path = "Travis App.app"; sourceTree = BUILT_PRODUCTS_DIR; };
		B5D2AF1D179F3A5F000D875E /* UIKit.framework */ = {isa = PBXFileReference; lastKnownFileType = wrapper.framework; name = UIKit.framework; path = System/Library/Frameworks/UIKit.framework; sourceTree = SDKROOT; };
		B5D2AF1F179F3A5F000D875E /* Foundation.framework */ = {isa = PBXFileReference; lastKnownFileType = wrapper.framework; name = Foundation.framework; path = System/Library/Frameworks/Foundation.framework; sourceTree = SDKROOT; };
		B5D2AF21179F3A5F000D875E /* CoreGraphics.framework */ = {isa = PBXFileReference; lastKnownFileType = wrapper.framework; name = CoreGraphics.framework; path = System/Library/Frameworks/CoreGraphics.framework; sourceTree = SDKROOT; };
		B5D2AF25179F3A5F000D875E /* Travis App-Info.plist */ = {isa = PBXFileReference; lastKnownFileType = text.plist.xml; path = "Travis App-Info.plist"; sourceTree = "<group>"; };
		B5D2AF27179F3A5F000D875E /* en */ = {isa = PBXFileReference; lastKnownFileType = text.plist.strings; name = en; path = en.lproj/InfoPlist.strings; sourceTree = "<group>"; };
		B5D2AF29179F3A5F000D875E /* main.m */ = {isa = PBXFileReference; lastKnownFileType = sourcecode.c.objc; path = main.m; sourceTree = "<group>"; };
		B5D2AF2B179F3A5F000D875E /* Travis App-Prefix.pch */ = {isa = PBXFileReference; lastKnownFileType = sourcecode.c.h; path = "Travis App-Prefix.pch"; sourceTree = "<group>"; };
		B5D2AF2C179F3A5F000D875E /* MYAppDelegate.h */ = {isa = PBXFileReference; lastKnownFileType = sourcecode.c.h; path = MYAppDelegate.h; sourceTree = "<group>"; };
		B5D2AF2D179F3A5F000D875E /* MYAppDelegate.m */ = {isa = PBXFileReference; lastKnownFileType = sourcecode.c.objc; path = MYAppDelegate.m; sourceTree = "<group>"; };
		B5D2AF2F179F3A5F000D875E /* Default.png */ = {isa = PBXFileReference; lastKnownFileType = image.png; path = Default.png; sourceTree = "<group>"; };
		B5D2AF31179F3A5F000D875E /* Default@2x.png */ = {isa = PBXFileReference; lastKnownFileType = image.png; path = "Default@2x.png"; sourceTree = "<group>"; };
		B5D2AF33179F3A5F000D875E /* Default-568h@2x.png */ = {isa = PBXFileReference; lastKnownFileType = image.png; path = "Default-568h@2x.png"; sourceTree = "<group>"; };
		B5D2AF35179F3A5F000D875E /* MYViewController.h */ = {isa = PBXFileReference; lastKnownFileType = sourcecode.c.h; path = MYViewController.h; sourceTree = "<group>"; };
		B5D2AF36179F3A5F000D875E /* MYViewController.m */ = {isa = PBXFileReference; lastKnownFileType = sourcecode.c.objc; path = MYViewController.m; sourceTree = "<group>"; };
		B5D2AF39179F3A5F000D875E /* en */ = {isa = PBXFileReference; lastKnownFileType = file.xib; name = en; path = en.lproj/MYViewController.xib; sourceTree = "<group>"; };
/* End PBXFileReference section */

/* Begin PBXFrameworksBuildPhase section */
		B5D2AF17179F3A5F000D875E /* Frameworks */ = {
			isa = PBXFrameworksBuildPhase;
			buildActionMask = 2147483647;
			files = (
				B5D2AF1E179F3A5F000D875E /* UIKit.framework in Frameworks */,
				B5D2AF20179F3A5F000D875E /* Foundation.framework in Frameworks */,
				B5D2AF22179F3A5F000D875E /* CoreGraphics.framework in Frameworks */,
			);
			runOnlyForDeploymentPostprocessing = 0;
		};
/* End PBXFrameworksBuildPhase section */

/* Begin PBXGroup section */
		B5D2AF11179F3A5F000D875E = {
			isa = PBXGroup;
			children = (
				B5D2AF23179F3A5F000D875E /* Travis App */,
				B5D2AF1C179F3A5F000D875E /* Frameworks */,
				B5D2AF1B179F3A5F000D875E /* Products */,
			);
			sourceTree = "<group>";
		};
		B5D2AF1B179F3A5F000D875E /* Products */ = {
			isa = PBXGroup;
			children = (
				B5D2AF1A179F3A5F000D875E /* Travis App.app */,
			);
			name = Products;
			sourceTree = "<group>";
		};
		B5D2AF1C179F3A5F000D875E /* Frameworks */ = {
			isa = PBXGroup;
			children = (
				B5D2AF1D179F3A5F000D875E /* UIKit.framework */,
				B5D2AF1F179F3A5F000D875E /* Foundation.framework */,
				B5D2AF21179F3A5F000D875E /* CoreGraphics.framework */,
			);
			name = Frameworks;
			sourceTree = "<group>";
		};
		B5D2AF23179F3A5F000D875E /* Travis App */ = {
			isa = PBXGroup;
			children = (
				B5D2AF2C179F3A5F000D875E /* MYAppDelegate.h */,
				B5D2AF2D179F3A5F000D875E /* MYAppDelegate.m */,
				B5D2AF35179F3A5F000D875E /* MYViewController.h */,
				B5D2AF36179F3A5F000D875E /* MYViewController.m */,
				B5D2AF38179F3A5F000D875E /* MYViewController.xib */,
				B5D2AF24179F3A5F000D875E /* Supporting Files */,
			);
			path = "Travis App";
			sourceTree = "<group>";
		};
		B5D2AF24179F3A5F000D875E /* Supporting Files */ = {
			isa = PBXGroup;
			children = (
				B5D2AF25179F3A5F000D875E /* Travis App-Info.plist */,
				B5D2AF26179F3A5F000D875E /* InfoPlist.strings */,
				B5D2AF29179F3A5F000D875E /* main.m */,
				B5D2AF2B179F3A5F000D875E /* Travis App-Prefix.pch */,
				B5D2AF2F179F3A5F000D875E /* Default.png */,
				B5D2AF31179F3A5F000D875E /* Default@2x.png */,
				B5D2AF33179F3A5F000D875E /* Default-568h@2x.png */,
			);
			name = "Supporting Files";
			sourceTree = "<group>";
		};
/* End PBXGroup section */

/* Begin PBXNativeTarget section */
		B5D2AF19179F3A5F000D875E /* Travis App */ = {
			isa = PBXNativeTarget;
			buildConfigurationList = B5D2AF3D179F3A5F000D875E /* Build configuration list for PBXNativeTarget "Travis App" */;
			buildPhases = (
				B5D2AF16179F3A5F000D875E /* Sources */,
				B5D2AF17179F3A5F000D875E /* Frameworks */,
				B5D2AF18179F3A5F000D875E /* Resources */,
			);
			buildRules = (
			);
			dependencies = (
			);
			name = "Travis App";
			productName = "Travis App";
			productReference = B5D2AF1A179F3A5F000D875E /* Travis App.app */;
			productType = "com.apple.product-type.application";
		};
/* End PBXNativeTarget section */

/* Begin PBXProject section */
		B5D2AF12179F3A5F000D875E /* Project object */ = {
			isa = PBXProject;
			attributes = {
				CLASSPREFIX = MY;
				LastUpgradeCheck = 0460;
				ORGANIZATIONNAME = "Matt Yohe";
			};
			buildConfigurationList = B5D2AF15179F3A5F000D875E /* Build configuration list for PBXProject "Travis App" */;
			compatibilityVersion = "Xcode 3.2";
			developmentRegion = English;
			hasScannedForEncodings = 0;
			knownRegions = (
				en,
			);
			mainGroup = B5D2AF11179F3A5F000D875E;
			productRefGroup = B5D2AF1B179F3A5F000D875E /* Products */;
			projectDirPath = "";
			projectRoot = "";
			targets = (
				B5D2AF19179F3A5F000D875E /* Travis App */,
			);
		};
/* End PBXProject section */

/* Begin PBXResourcesBuildPhase section */
		B5D2AF18179F3A5F000D875E /* Resources */ = {
			isa = PBXResourcesBuildPhase;
			buildActionMask = 2147483647;
			files = (
				B5D2AF28179F3A5F000D875E /* InfoPlist.strings in Resources */,
				B5D2AF30179F3A5F000D875E /* Default.png in Resources */,
				B5D2AF32179F3A5F000D875E /* Default@2x.png in Resources */,
				B5D2AF34179F3A5F000D875E /* Default-568h@2x.png in Resources */,
				B5D2AF3A179F3A5F000D875E /* MYViewController.xib in Resources */,
			);
			runOnlyForDeploymentPostprocessing = 0;
		};
/* End PBXResourcesBuildPhase section */

/* Begin PBXSourcesBuildPhase section */
		B5D2AF16179F3A5F000D875E /* Sources */ = {
			isa = PBXSourcesBuildPhase;
			buildActionMask = 2147483647;
			files = (
				B5D2AF2A179F3A5F000D875E /* main.m in Sources */,
				B5D2AF2E179F3A5F000D875E /* MYAppDelegate.m in Sources */,
				B5D2AF37179F3A5F000D875E /* MYViewController.m in Sources */,
			);
			runOnlyForDeploymentPostprocessing = 0;
		};
/* End PBXSourcesBuildPhase section */

/* Begin PBXVariantGroup section */
		B5D2AF26179F3A5F000D875E /* InfoPlist.strings */ = {
			isa = PBXVariantGroup;
			children = (
				B5D2AF27179F3A5F000D875E /* en */,
			);
			name = InfoPlist.strings;
			sourceTree = "<group>";
		};
		B5D2AF38179F3A5F000D875E /* MYViewController.xib */ = {
			isa = PBXVariantGroup;
			children = (
				B5D2AF39179F3A5F000D875E /* en */,
			);
			name = MYViewController.xib;
			sourceTree = "<group>";
		};
/* End PBXVariantGroup section */

/* Begin XCBuildConfiguration section */
		B5D2AF3B179F3A5F000D875E /* Debug */ = {
			isa = XCBuildConfiguration;
			buildSettings = {
				ALWAYS_SEARCH_USER_PATHS = NO;
				CLANG_CXX_LANGUAGE_STANDARD = "gnu++0x";
				CLANG_CXX_LIBRARY = "libc++";
				CLANG_ENABLE_OBJC_ARC = YES;
				CLANG_WARN_CONSTANT_CONVERSION = YES;
				CLANG_WARN_EMPTY_BODY = YES;
				CLANG_WARN_ENUM_CONVERSION = YES;
				CLANG_WARN_INT_CONVERSION = YES;
				CLANG_WARN__DUPLICATE_METHOD_MATCH = YES;
				"CODE_SIGN_IDENTITY[sdk=iphoneos*]" = "iPhone Developer";
				COPY_PHASE_STRIP = NO;
				GCC_C_LANGUAGE_STANDARD = gnu99;
				GCC_DYNAMIC_NO_PIC = NO;
				GCC_OPTIMIZATION_LEVEL = 0;
				GCC_PREPROCESSOR_DEFINITIONS = (
					"DEBUG=1",
					"$(inherited)",
				);
				GCC_SYMBOLS_PRIVATE_EXTERN = NO;
				GCC_WARN_ABOUT_RETURN_TYPE = YES;
				GCC_WARN_UNINITIALIZED_AUTOS = YES;
				GCC_WARN_UNUSED_VARIABLE = YES;
				IPHONEOS_DEPLOYMENT_TARGET = 6.1;
				ONLY_ACTIVE_ARCH = YES;
				SDKROOT = iphoneos;
			};
			name = Debug;
		};
		B5D2AF3C179F3A5F000D875E /* Release */ = {
			isa = XCBuildConfiguration;
			buildSettings = {
				ALWAYS_SEARCH_USER_PATHS = NO;
				CLANG_CXX_LANGUAGE_STANDARD = "gnu++0x";
				CLANG_CXX_LIBRARY = "libc++";
				CLANG_ENABLE_OBJC_ARC = YES;
				CLANG_WARN_CONSTANT_CONVERSION = YES;
				CLANG_WARN_EMPTY_BODY = YES;
				CLANG_WARN_ENUM_CONVERSION = YES;
				CLANG_WARN_INT_CONVERSION = YES;
				CLANG_WARN__DUPLICATE_METHOD_MATCH = YES;
				"CODE_SIGN_IDENTITY[sdk=iphoneos*]" = "iPhone Developer";
				COPY_PHASE_STRIP = YES;
				GCC_C_LANGUAGE_STANDARD = gnu99;
				GCC_WARN_ABOUT_RETURN_TYPE = YES;
				GCC_WARN_UNINITIALIZED_AUTOS = YES;
				GCC_WARN_UNUSED_VARIABLE = YES;
				IPHONEOS_DEPLOYMENT_TARGET = 6.1;
				OTHER_CFLAGS = "-DNS_BLOCK_ASSERTIONS=1";
				SDKROOT = iphoneos;
				VALIDATE_PRODUCT = YES;
			};
			name = Release;
		};
		B5D2AF3E179F3A5F000D875E /* Debug */ = {
			isa = XCBuildConfiguration;
			buildSettings = {
				GCC_PRECOMPILE_PREFIX_HEADER = YES;
				GCC_PREFIX_HEADER = "Travis App/Travis App-Prefix.pch";
				INFOPLIST_FILE = "Travis App/Travis App-Info.plist";
				PRODUCT_NAME = "$(TARGET_NAME)";
				WRAPPER_EXTENSION = app;
			};
			name = Debug;
		};
		B5D2AF3F179F3A5F000D875E /* Release */ = {
			isa = XCBuildConfiguration;
			buildSettings = {
				GCC_PRECOMPILE_PREFIX_HEADER = YES;
				GCC_PREFIX_HEADER = "Travis App/Travis App-Prefix.pch";
				INFOPLIST_FILE = "Travis App/Travis App-Info.plist";
				PRODUCT_NAME = "$(TARGET_NAME)";
				WRAPPER_EXTENSION = app;
			};
			name = Release;
		};
/* End XCBuildConfiguration section */

/* Begin XCConfigurationList section */
		B5D2AF15179F3A5F000D875E /* Build configuration list for PBXProject "Travis App" */ = {
			isa = XCConfigurationList;
			buildConfigurations = (
				B5D2AF3B179F3A5F000D875E /* Debug */,
				B5D2AF3C179F3A5F000D875E /* Release */,
			);
			defaultConfigurationIsVisible = 0;
			defaultConfigurationName = Release;
		};
		B5D2AF3D179F3A5F000D875E /* Build configuration list for PBXNativeTarget "Travis App" */ = {
			isa = XCConfigurationList;
			buildConfigurations = (
				B5D2AF3E179F3A5F000D875E /* Debug */,
				B5D2AF3F179F3A5F000D875E /* Release */,
			);
			defaultConfigurationIsVisible = 0;
		};
/* End XCConfigurationList section */
	};
	rootObject = B5D2AF12179F3A5F000D875E /* Project object */;
}
